
Microsoft Visual Studio Solution File, Format Version 11.00
# Visual Studio 2010
Project("{FAE04EC0-301F-11D3-BF4B-00C04F79EFBC}") = "FinalProject_16", "FinalProject_16\FinalProject_16.csproj", "{44B4152F-8487-4C66-A7F0-9B52C1FA8CEA}"
EndProject
Global
	GlobalSection(SolutionConfigurationPlatforms) = preSolution
		Debug|Any CPU = Debug|Any CPU
		Release|Any CPU = Release|Any CPU
	EndGlobalSection
	GlobalSection(ProjectConfigurationPlatforms) = postSolution
		{44B4152F-8487-4C66-A7F0-9B52C1FA8CEA}.Debug|Any CPU.ActiveCfg = Debug|Any CPU
		{44B4152F-8487-4C66-A7F0-9B52C1FA8CEA}.Debug|Any CPU.Build.0 = Debug|Any CPU
		{44B4152F-8487-4C66-A7F0-9B52C1FA8CEA}.Release|Any CPU.ActiveCfg = Release|Any CPU
		{44B4152F-8487-4C66-A7F0-9B52C1FA8CEA}.Release|Any CPU.Build.0 = Release|Any CPU
	EndGlobalSection
	GlobalSection(SolutionProperties) = preSolution
		HideSolutionNode = FALSE
	EndGlobalSection
EndGlobal
